dependencies:
  espressif/led_strip:
    component_hash: 28c6509a727ef74925b372ed404772aeedf11cce10b78c3f69b3c66799095e2d
    dependencies:
    - name: idf
      require: private
      version: '>=4.4'
    source:
      registry_url: https://components.espressif.com/
      type: service
    version: 2.5.5
  example_init:
    dependencies: []
    source:
      path: /home/krishna/esp/v5.3.1/esp-idf/examples/bluetooth/esp_ble_mesh/common_components/example_init
      type: local
    version: '*'
  idf:
    source:
      type: idf
    version: 5.3.1
direct_dependencies:
- espressif/led_strip
- example_init
manifest_hash: 6b1cafa634e3ce669ca7d95b3422fc742b990c00c74f6752935b133b1ba82983
target: esp32
version: 2.0.0
